// !$*UTF8*$!
{
	archiveVersion = 1;
	classes = {
	};
	objectVersion = 56;
	objects = {

/* Begin PBXBuildFile section */
		5326A4E32A95DF7B00A8BD4B /* Map.storyboard in Resources */ = {isa = PBXBuildFile; fileRef = 5326A4E22A95DF7B00A8BD4B /* Map.storyboard */; };
		5326A4E52A95DFC600A8BD4B /* MapViewController.swift in Sources */ = {isa = PBXBuildFile; fileRef = 5326A4E42A95DFC600A8BD4B /* MapViewController.swift */; };
		5326A4E92A95E5FF00A8BD4B /* SnapKit in Frameworks */ = {isa = PBXBuildFile; productRef = 5326A4E82A95E5FF00A8BD4B /* SnapKit */; };
		5326A4EB2A964EF000A8BD4B /* Theater.swift in Sources */ = {isa = PBXBuildFile; fileRef = 5326A4EA2A964EF000A8BD4B /* Theater.swift */; };
		5326A5072A98883C00A8BD4B /* OnboardingViewController.swift in Sources */ = {isa = PBXBuildFile; fileRef = 5326A5062A98883C00A8BD4B /* OnboardingViewController.swift */; };
		5326A56D2A9C8A7D00A8BD4B /* MovieView.swift in Sources */ = {isa = PBXBuildFile; fileRef = 5326A56C2A9C8A7D00A8BD4B /* MovieView.swift */; };
		5326A5702A9C8AF000A8BD4B /* BaseView.swift in Sources */ = {isa = PBXBuildFile; fileRef = 5326A56F2A9C8AF000A8BD4B /* BaseView.swift */; };
		5326A5722A9C8F3F00A8BD4B /* BaseViewController.swift in Sources */ = {isa = PBXBuildFile; fileRef = 5326A5712A9C8F3F00A8BD4B /* BaseViewController.swift */; };
		5326A5742A9C93B700A8BD4B /* BaseTableViewCell.swift in Sources */ = {isa = PBXBuildFile; fileRef = 5326A5732A9C93B700A8BD4B /* BaseTableViewCell.swift */; };
		5326A5CF2A9EAE9100A8BD4B /* ProfileView.swift in Sources */ = {isa = PBXBuildFile; fileRef = 5326A5CE2A9EAE9100A8BD4B /* ProfileView.swift */; };
		5326A5D32A9EB50C00A8BD4B /* ProfileViewController.swift in Sources */ = {isa = PBXBuildFile; fileRef = 5326A5D22A9EB50C00A8BD4B /* ProfileViewController.swift */; };
		5326A5D52A9EB9C800A8BD4B /* ProfileTableViewCell.swift in Sources */ = {isa = PBXBuildFile; fileRef = 5326A5D42A9EB9C800A8BD4B /* ProfileTableViewCell.swift */; };
		5326A5DA2A9EC7D900A8BD4B /* DetailViewController.swift in Sources */ = {isa = PBXBuildFile; fileRef = 5326A5D92A9EC7D900A8BD4B /* DetailViewController.swift */; };
		534D66C32AA3038700281642 /* SimilarView.swift in Sources */ = {isa = PBXBuildFile; fileRef = 534D66C22AA3038700281642 /* SimilarView.swift */; };
		534D66C52AA43CCC00281642 /* BaseCollectionViewCell.swift in Sources */ = {isa = PBXBuildFile; fileRef = 534D66C42AA43CCC00281642 /* BaseCollectionViewCell.swift */; };
		535DCA292A8724F6001D8299 /* AppDelegate.swift in Sources */ = {isa = PBXBuildFile; fileRef = 535DCA282A8724F6001D8299 /* AppDelegate.swift */; };
		535DCA2B2A8724F6001D8299 /* SceneDelegate.swift in Sources */ = {isa = PBXBuildFile; fileRef = 535DCA2A2A8724F6001D8299 /* SceneDelegate.swift */; };
		535DCA2D2A8724F6001D8299 /* MovieViewController.swift in Sources */ = {isa = PBXBuildFile; fileRef = 535DCA2C2A8724F6001D8299 /* MovieViewController.swift */; };
		535DCA322A8724F7001D8299 /* Assets.xcassets in Resources */ = {isa = PBXBuildFile; fileRef = 535DCA312A8724F7001D8299 /* Assets.xcassets */; };
		535DCA352A8724F7001D8299 /* LaunchScreen.storyboard in Resources */ = {isa = PBXBuildFile; fileRef = 535DCA332A8724F7001D8299 /* LaunchScreen.storyboard */; };
		535DCA3E2A872DCC001D8299 /* MovieTableViewCell.swift in Sources */ = {isa = PBXBuildFile; fileRef = 535DCA3C2A872DCC001D8299 /* MovieTableViewCell.swift */; };
		535DCA422A87337F001D8299 /* Alamofire in Frameworks */ = {isa = PBXBuildFile; productRef = 535DCA412A87337F001D8299 /* Alamofire */; };
		535DCA452A87338D001D8299 /* SwiftyJSON in Frameworks */ = {isa = PBXBuildFile; productRef = 535DCA442A87338D001D8299 /* SwiftyJSON */; };
		535DCA482A873396001D8299 /* Kingfisher in Frameworks */ = {isa = PBXBuildFile; productRef = 535DCA472A873396001D8299 /* Kingfisher */; };
		535DCA4A2A873443001D8299 /* Movie.swift in Sources */ = {isa = PBXBuildFile; fileRef = 535DCA492A873443001D8299 /* Movie.swift */; };
		535DCA4C2A873772001D8299 /* Casting.swift in Sources */ = {isa = PBXBuildFile; fileRef = 535DCA4B2A873772001D8299 /* Casting.swift */; };
		535DCA4E2A87398C001D8299 /* MovieAPIManager.swift in Sources */ = {isa = PBXBuildFile; fileRef = 535DCA4D2A87398C001D8299 /* MovieAPIManager.swift */; };
		535DCA502A873B1C001D8299 /* .gitignore in Resources */ = {isa = PBXBuildFile; fileRef = 535DCA4F2A873B1C001D8299 /* .gitignore */; };
		535DCA522A873B38001D8299 /* APIKey.swift in Sources */ = {isa = PBXBuildFile; fileRef = 535DCA512A873B38001D8299 /* APIKey.swift */; };
		535DCA542A873CA0001D8299 /* EndPoint.swift in Sources */ = {isa = PBXBuildFile; fileRef = 535DCA532A873CA0001D8299 /* EndPoint.swift */; };
		535DCA562A873CF2001D8299 /* URL + Extension.swift in Sources */ = {isa = PBXBuildFile; fileRef = 535DCA552A873CF2001D8299 /* URL + Extension.swift */; };
		535DCA582A8746F5001D8299 /* ViewIdentifierProtocol.swift in Sources */ = {isa = PBXBuildFile; fileRef = 535DCA572A8746F5001D8299 /* ViewIdentifierProtocol.swift */; };
		535DCA5A2A877E80001D8299 /* MovieDetail.storyboard in Resources */ = {isa = PBXBuildFile; fileRef = 535DCA592A877E80001D8299 /* MovieDetail.storyboard */; };
		535DCA5C2A877EF5001D8299 /* MovieDetailViewController.swift in Sources */ = {isa = PBXBuildFile; fileRef = 535DCA5B2A877EF5001D8299 /* MovieDetailViewController.swift */; };
		535DCA612A878122001D8299 /* CastTableViewCell.swift in Sources */ = {isa = PBXBuildFile; fileRef = 535DCA5F2A878122001D8299 /* CastTableViewCell.swift */; };
		535DCA622A878122001D8299 /* CastTableViewCell.xib in Resources */ = {isa = PBXBuildFile; fileRef = 535DCA602A878122001D8299 /* CastTableViewCell.xib */; };
		535DCA642A8790B0001D8299 /* Crew.swift in Sources */ = {isa = PBXBuildFile; fileRef = 535DCA632A8790B0001D8299 /* Crew.swift */; };
		535DCA662A87B6BD001D8299 /* OverViewTableViewCell.swift in Sources */ = {isa = PBXBuildFile; fileRef = 535DCA652A87B6BD001D8299 /* OverViewTableViewCell.swift */; };
		535DCA682A87B6F3001D8299 /* CrewTableViewCell.swift in Sources */ = {isa = PBXBuildFile; fileRef = 535DCA672A87B6F3001D8299 /* CrewTableViewCell.swift */; };
		5397B3B62A8A4A5C00EBAA6E /* TrendingData.swift in Sources */ = {isa = PBXBuildFile; fileRef = 5397B3B52A8A4A5C00EBAA6E /* TrendingData.swift */; };
		5397B3BB2A8C43B900EBAA6E /* CreditData.swift in Sources */ = {isa = PBXBuildFile; fileRef = 5397B3BA2A8C43B900EBAA6E /* CreditData.swift */; };
		5397B3E32A8E5B2A00EBAA6E /* TVSeries.storyboard in Resources */ = {isa = PBXBuildFile; fileRef = 5397B3E22A8E5B2A00EBAA6E /* TVSeries.storyboard */; };
		5397B3E62A8E5BA200EBAA6E /* TVSeriesCollectionViewCell.swift in Sources */ = {isa = PBXBuildFile; fileRef = 5397B3E42A8E5BA200EBAA6E /* TVSeriesCollectionViewCell.swift */; };
		5397B3EA2A8E5BD300EBAA6E /* TVSeasonsCollectionReusableView.swift in Sources */ = {isa = PBXBuildFile; fileRef = 5397B3E82A8E5BD300EBAA6E /* TVSeasonsCollectionReusableView.swift */; };
		5397B3EB2A8E5BD300EBAA6E /* TVSeasonsCollectionReusableView.xib in Resources */ = {isa = PBXBuildFile; fileRef = 5397B3E92A8E5BD300EBAA6E /* TVSeasonsCollectionReusableView.xib */; };
		5397B3ED2A8E5ECE00EBAA6E /* TVSeriesViewController.swift in Sources */ = {isa = PBXBuildFile; fileRef = 5397B3EC2A8E5ECE00EBAA6E /* TVSeriesViewController.swift */; };
		5397B3EF2A8E5F7700EBAA6E /* TVAPIManager.swift in Sources */ = {isa = PBXBuildFile; fileRef = 5397B3EE2A8E5F7700EBAA6E /* TVAPIManager.swift */; };
		5397B3F12A8E602C00EBAA6E /* TVSeriesData.swift in Sources */ = {isa = PBXBuildFile; fileRef = 5397B3F02A8E602C00EBAA6E /* TVSeriesData.swift */; };
		5397B3F32A8E66E900EBAA6E /* TVSeasonsData.swift in Sources */ = {isa = PBXBuildFile; fileRef = 5397B3F22A8E66E900EBAA6E /* TVSeasonsData.swift */; };
		5397B3F92A8F461500EBAA6E /* SimilarViewController.swift in Sources */ = {isa = PBXBuildFile; fileRef = 5397B3F82A8F461500EBAA6E /* SimilarViewController.swift */; };
		5397B3FB2A8F4F0400EBAA6E /* TVSimilarData.swift in Sources */ = {isa = PBXBuildFile; fileRef = 5397B3FA2A8F4F0400EBAA6E /* TVSimilarData.swift */; };
		5397B3FD2A8F632500EBAA6E /* VideoData.swift in Sources */ = {isa = PBXBuildFile; fileRef = 5397B3FC2A8F632500EBAA6E /* VideoData.swift */; };
/* End PBXBuildFile section */

/* Begin PBXFileReference section */
		5326A4E22A95DF7B00A8BD4B /* Map.storyboard */ = {isa = PBXFileReference; lastKnownFileType = file.storyboard; path = Map.storyboard; sourceTree = "<group>"; };
		5326A4E42A95DFC600A8BD4B /* MapViewController.swift */ = {isa = PBXFileReference; lastKnownFileType = sourcecode.swift; path = MapViewController.swift; sourceTree = "<group>"; };
		5326A4EA2A964EF000A8BD4B /* Theater.swift */ = {isa = PBXFileReference; lastKnownFileType = sourcecode.swift; path = Theater.swift; sourceTree = "<group>"; };
		5326A5062A98883C00A8BD4B /* OnboardingViewController.swift */ = {isa = PBXFileReference; lastKnownFileType = sourcecode.swift; path = OnboardingViewController.swift; sourceTree = "<group>"; };
		5326A56C2A9C8A7D00A8BD4B /* MovieView.swift */ = {isa = PBXFileReference; lastKnownFileType = sourcecode.swift; path = MovieView.swift; sourceTree = "<group>"; };
		5326A56F2A9C8AF000A8BD4B /* BaseView.swift */ = {isa = PBXFileReference; lastKnownFileType = sourcecode.swift; path = BaseView.swift; sourceTree = "<group>"; };
		5326A5712A9C8F3F00A8BD4B /* BaseViewController.swift */ = {isa = PBXFileReference; lastKnownFileType = sourcecode.swift; path = BaseViewController.swift; sourceTree = "<group>"; };
		5326A5732A9C93B700A8BD4B /* BaseTableViewCell.swift */ = {isa = PBXFileReference; lastKnownFileType = sourcecode.swift; path = BaseTableViewCell.swift; sourceTree = "<group>"; };
		5326A5CE2A9EAE9100A8BD4B /* ProfileView.swift */ = {isa = PBXFileReference; lastKnownFileType = sourcecode.swift; path = ProfileView.swift; sourceTree = "<group>"; };
		5326A5D22A9EB50C00A8BD4B /* ProfileViewController.swift */ = {isa = PBXFileReference; lastKnownFileType = sourcecode.swift; path = ProfileViewController.swift; sourceTree = "<group>"; };
		5326A5D42A9EB9C800A8BD4B /* ProfileTableViewCell.swift */ = {isa = PBXFileReference; lastKnownFileType = sourcecode.swift; path = ProfileTableViewCell.swift; sourceTree = "<group>"; };
		5326A5D92A9EC7D900A8BD4B /* DetailViewController.swift */ = {isa = PBXFileReference; lastKnownFileType = sourcecode.swift; path = DetailViewController.swift; sourceTree = "<group>"; };
		534D66C22AA3038700281642 /* SimilarView.swift */ = {isa = PBXFileReference; lastKnownFileType = sourcecode.swift; path = SimilarView.swift; sourceTree = "<group>"; };
		534D66C42AA43CCC00281642 /* BaseCollectionViewCell.swift */ = {isa = PBXFileReference; lastKnownFileType = sourcecode.swift; path = BaseCollectionViewCell.swift; sourceTree = "<group>"; };
		535DCA252A8724F6001D8299 /* MediaProject.app */ = {isa = PBXFileReference; explicitFileType = wrapper.application; includeInIndex = 0; path = MediaProject.app; sourceTree = BUILT_PRODUCTS_DIR; };
		535DCA282A8724F6001D8299 /* AppDelegate.swift */ = {isa = PBXFileReference; lastKnownFileType = sourcecode.swift; path = AppDelegate.swift; sourceTree = "<group>"; };
		535DCA2A2A8724F6001D8299 /* SceneDelegate.swift */ = {isa = PBXFileReference; lastKnownFileType = sourcecode.swift; path = SceneDelegate.swift; sourceTree = "<group>"; };
		535DCA2C2A8724F6001D8299 /* MovieViewController.swift */ = {isa = PBXFileReference; lastKnownFileType = sourcecode.swift; path = MovieViewController.swift; sourceTree = "<group>"; };
		535DCA312A8724F7001D8299 /* Assets.xcassets */ = {isa = PBXFileReference; lastKnownFileType = folder.assetcatalog; path = Assets.xcassets; sourceTree = "<group>"; };
		535DCA342A8724F7001D8299 /* Base */ = {isa = PBXFileReference; lastKnownFileType = file.storyboard; name = Base; path = Base.lproj/LaunchScreen.storyboard; sourceTree = "<group>"; };
		535DCA362A8724F7001D8299 /* Info.plist */ = {isa = PBXFileReference; lastKnownFileType = text.plist.xml; path = Info.plist; sourceTree = "<group>"; };
		535DCA3C2A872DCC001D8299 /* MovieTableViewCell.swift */ = {isa = PBXFileReference; lastKnownFileType = sourcecode.swift; path = MovieTableViewCell.swift; sourceTree = "<group>"; };
		535DCA492A873443001D8299 /* Movie.swift */ = {isa = PBXFileReference; lastKnownFileType = sourcecode.swift; path = Movie.swift; sourceTree = "<group>"; };
		535DCA4B2A873772001D8299 /* Casting.swift */ = {isa = PBXFileReference; lastKnownFileType = sourcecode.swift; path = Casting.swift; sourceTree = "<group>"; };
		535DCA4D2A87398C001D8299 /* MovieAPIManager.swift */ = {isa = PBXFileReference; lastKnownFileType = sourcecode.swift; path = MovieAPIManager.swift; sourceTree = "<group>"; };
		535DCA4F2A873B1C001D8299 /* .gitignore */ = {isa = PBXFileReference; lastKnownFileType = text; path = .gitignore; sourceTree = "<group>"; };
		535DCA512A873B38001D8299 /* APIKey.swift */ = {isa = PBXFileReference; lastKnownFileType = sourcecode.swift; path = APIKey.swift; sourceTree = "<group>"; };
		535DCA532A873CA0001D8299 /* EndPoint.swift */ = {isa = PBXFileReference; lastKnownFileType = sourcecode.swift; path = EndPoint.swift; sourceTree = "<group>"; };
		535DCA552A873CF2001D8299 /* URL + Extension.swift */ = {isa = PBXFileReference; lastKnownFileType = sourcecode.swift; path = "URL + Extension.swift"; sourceTree = "<group>"; };
		535DCA572A8746F5001D8299 /* ViewIdentifierProtocol.swift */ = {isa = PBXFileReference; lastKnownFileType = sourcecode.swift; path = ViewIdentifierProtocol.swift; sourceTree = "<group>"; };
		535DCA592A877E80001D8299 /* MovieDetail.storyboard */ = {isa = PBXFileReference; lastKnownFileType = file.storyboard; path = MovieDetail.storyboard; sourceTree = "<group>"; };
		535DCA5B2A877EF5001D8299 /* MovieDetailViewController.swift */ = {isa = PBXFileReference; lastKnownFileType = sourcecode.swift; path = MovieDetailViewController.swift; sourceTree = "<group>"; };
		535DCA5F2A878122001D8299 /* CastTableViewCell.swift */ = {isa = PBXFileReference; lastKnownFileType = sourcecode.swift; path = CastTableViewCell.swift; sourceTree = "<group>"; };
		535DCA602A878122001D8299 /* CastTableViewCell.xib */ = {isa = PBXFileReference; lastKnownFileType = file.xib; path = CastTableViewCell.xib; sourceTree = "<group>"; };
		535DCA632A8790B0001D8299 /* Crew.swift */ = {isa = PBXFileReference; lastKnownFileType = sourcecode.swift; path = Crew.swift; sourceTree = "<group>"; };
		535DCA652A87B6BD001D8299 /* OverViewTableViewCell.swift */ = {isa = PBXFileReference; lastKnownFileType = sourcecode.swift; path = OverViewTableViewCell.swift; sourceTree = "<group>"; };
		535DCA672A87B6F3001D8299 /* CrewTableViewCell.swift */ = {isa = PBXFileReference; lastKnownFileType = sourcecode.swift; path = CrewTableViewCell.swift; sourceTree = "<group>"; };
		5397B3B52A8A4A5C00EBAA6E /* TrendingData.swift */ = {isa = PBXFileReference; lastKnownFileType = sourcecode.swift; path = TrendingData.swift; sourceTree = "<group>"; };
		5397B3BA2A8C43B900EBAA6E /* CreditData.swift */ = {isa = PBXFileReference; lastKnownFileType = sourcecode.swift; path = CreditData.swift; sourceTree = "<group>"; };
		5397B3E22A8E5B2A00EBAA6E /* TVSeries.storyboard */ = {isa = PBXFileReference; lastKnownFileType = file.storyboard; path = TVSeries.storyboard; sourceTree = "<group>"; };
		5397B3E42A8E5BA200EBAA6E /* TVSeriesCollectionViewCell.swift */ = {isa = PBXFileReference; lastKnownFileType = sourcecode.swift; path = TVSeriesCollectionViewCell.swift; sourceTree = "<group>"; };
		5397B3E82A8E5BD300EBAA6E /* TVSeasonsCollectionReusableView.swift */ = {isa = PBXFileReference; lastKnownFileType = sourcecode.swift; path = TVSeasonsCollectionReusableView.swift; sourceTree = "<group>"; };
		5397B3E92A8E5BD300EBAA6E /* TVSeasonsCollectionReusableView.xib */ = {isa = PBXFileReference; lastKnownFileType = file.xib; path = TVSeasonsCollectionReusableView.xib; sourceTree = "<group>"; };
		5397B3EC2A8E5ECE00EBAA6E /* TVSeriesViewController.swift */ = {isa = PBXFileReference; lastKnownFileType = sourcecode.swift; path = TVSeriesViewController.swift; sourceTree = "<group>"; };
		5397B3EE2A8E5F7700EBAA6E /* TVAPIManager.swift */ = {isa = PBXFileReference; lastKnownFileType = sourcecode.swift; path = TVAPIManager.swift; sourceTree = "<group>"; };
		5397B3F02A8E602C00EBAA6E /* TVSeriesData.swift */ = {isa = PBXFileReference; lastKnownFileType = sourcecode.swift; path = TVSeriesData.swift; sourceTree = "<group>"; };
		5397B3F22A8E66E900EBAA6E /* TVSeasonsData.swift */ = {isa = PBXFileReference; lastKnownFileType = sourcecode.swift; path = TVSeasonsData.swift; sourceTree = "<group>"; };
		5397B3F82A8F461500EBAA6E /* SimilarViewController.swift */ = {isa = PBXFileReference; lastKnownFileType = sourcecode.swift; path = SimilarViewController.swift; sourceTree = "<group>"; };
		5397B3FA2A8F4F0400EBAA6E /* TVSimilarData.swift */ = {isa = PBXFileReference; lastKnownFileType = sourcecode.swift; path = TVSimilarData.swift; sourceTree = "<group>"; };
		5397B3FC2A8F632500EBAA6E /* VideoData.swift */ = {isa = PBXFileReference; lastKnownFileType = sourcecode.swift; path = VideoData.swift; sourceTree = "<group>"; };
/* End PBXFileReference section */

/* Begin PBXFrameworksBuildPhase section */
		535DCA222A8724F6001D8299 /* Frameworks */ = {
			isa = PBXFrameworksBuildPhase;
			buildActionMask = 2147483647;
			files = (
				535DCA482A873396001D8299 /* Kingfisher in Frameworks */,
				5326A4E92A95E5FF00A8BD4B /* SnapKit in Frameworks */,
				535DCA452A87338D001D8299 /* SwiftyJSON in Frameworks */,
				535DCA422A87337F001D8299 /* Alamofire in Frameworks */,
			);
			runOnlyForDeploymentPostprocessing = 0;
		};
/* End PBXFrameworksBuildPhase section */

/* Begin PBXGroup section */
		5326A4E12A95DF1900A8BD4B /* Map */ = {
			isa = PBXGroup;
			children = (
				5326A4E22A95DF7B00A8BD4B /* Map.storyboard */,
				5326A4E42A95DFC600A8BD4B /* MapViewController.swift */,
				5326A4EA2A964EF000A8BD4B /* Theater.swift */,
			);
			path = Map;
			sourceTree = "<group>";
		};
		5326A5052A98876300A8BD4B /* Onboarding */ = {
			isa = PBXGroup;
			children = (
				5326A5062A98883C00A8BD4B /* OnboardingViewController.swift */,
			);
			path = Onboarding;
			sourceTree = "<group>";
		};
		5326A56E2A9C8AE400A8BD4B /* Base */ = {
			isa = PBXGroup;
			children = (
				5326A56F2A9C8AF000A8BD4B /* BaseView.swift */,
				5326A5712A9C8F3F00A8BD4B /* BaseViewController.swift */,
				5326A5732A9C93B700A8BD4B /* BaseTableViewCell.swift */,
				534D66C42AA43CCC00281642 /* BaseCollectionViewCell.swift */,
			);
			path = Base;
			sourceTree = "<group>";
		};
		5326A5CD2A9EAE6100A8BD4B /* Profile */ = {
			isa = PBXGroup;
			children = (
				5326A5CE2A9EAE9100A8BD4B /* ProfileView.swift */,
				5326A5D22A9EB50C00A8BD4B /* ProfileViewController.swift */,
				5326A5D42A9EB9C800A8BD4B /* ProfileTableViewCell.swift */,
				5326A5D92A9EC7D900A8BD4B /* DetailViewController.swift */,
			);
			path = Profile;
			sourceTree = "<group>";
		};
		535DCA1C2A8724F6001D8299 = {
			isa = PBXGroup;
			children = (
				535DCA272A8724F6001D8299 /* MediaProject */,
				535DCA262A8724F6001D8299 /* Products */,
			);
			sourceTree = "<group>";
		};
		535DCA262A8724F6001D8299 /* Products */ = {
			isa = PBXGroup;
			children = (
				535DCA252A8724F6001D8299 /* MediaProject.app */,
			);
			name = Products;
			sourceTree = "<group>";
		};
		535DCA272A8724F6001D8299 /* MediaProject */ = {
			isa = PBXGroup;
			children = (
				5326A5CD2A9EAE6100A8BD4B /* Profile */,
				5326A56E2A9C8AE400A8BD4B /* Base */,
				5326A5052A98876300A8BD4B /* Onboarding */,
				535DCA282A8724F6001D8299 /* AppDelegate.swift */,
				535DCA2A2A8724F6001D8299 /* SceneDelegate.swift */,
				535DCA512A873B38001D8299 /* APIKey.swift */,
				535DCA4F2A873B1C001D8299 /* .gitignore */,
				5326A4E12A95DF1900A8BD4B /* Map */,
				5397B3E12A8E5AA800EBAA6E /* TV */,
				535DCA6B2A87CD9A001D8299 /* Structure */,
				5397B3B92A8C428600EBAA6E /* Network */,
				535DCA6A2A87CD11001D8299 /* Credit */,
				535DCA692A87CCFF001D8299 /* Main */,
				535DCA312A8724F7001D8299 /* Assets.xcassets */,
				535DCA332A8724F7001D8299 /* LaunchScreen.storyboard */,
				535DCA362A8724F7001D8299 /* Info.plist */,
			);
			path = MediaProject;
			sourceTree = "<group>";
		};
		535DCA692A87CCFF001D8299 /* Main */ = {
			isa = PBXGroup;
			children = (
				535DCA2C2A8724F6001D8299 /* MovieViewController.swift */,
				535DCA3C2A872DCC001D8299 /* MovieTableViewCell.swift */,
				5326A56C2A9C8A7D00A8BD4B /* MovieView.swift */,
			);
			path = Main;
			sourceTree = "<group>";
		};
		535DCA6A2A87CD11001D8299 /* Credit */ = {
			isa = PBXGroup;
			children = (
				535DCA5B2A877EF5001D8299 /* MovieDetailViewController.swift */,
				535DCA592A877E80001D8299 /* MovieDetail.storyboard */,
				535DCA672A87B6F3001D8299 /* CrewTableViewCell.swift */,
				535DCA652A87B6BD001D8299 /* OverViewTableViewCell.swift */,
				535DCA5F2A878122001D8299 /* CastTableViewCell.swift */,
				535DCA602A878122001D8299 /* CastTableViewCell.xib */,
			);
			path = Credit;
			sourceTree = "<group>";
		};
		535DCA6B2A87CD9A001D8299 /* Structure */ = {
			isa = PBXGroup;
			children = (
				5397B3B52A8A4A5C00EBAA6E /* TrendingData.swift */,
				5397B3BA2A8C43B900EBAA6E /* CreditData.swift */,
				535DCA632A8790B0001D8299 /* Crew.swift */,
				535DCA4B2A873772001D8299 /* Casting.swift */,
				535DCA492A873443001D8299 /* Movie.swift */,
				535DCA572A8746F5001D8299 /* ViewIdentifierProtocol.swift */,
				535DCA552A873CF2001D8299 /* URL + Extension.swift */,
				5397B3F02A8E602C00EBAA6E /* TVSeriesData.swift */,
				5397B3FA2A8F4F0400EBAA6E /* TVSimilarData.swift */,
				5397B3F22A8E66E900EBAA6E /* TVSeasonsData.swift */,
				5397B3FC2A8F632500EBAA6E /* VideoData.swift */,
			);
			path = Structure;
			sourceTree = "<group>";
		};
		5397B3B92A8C428600EBAA6E /* Network */ = {
			isa = PBXGroup;
			children = (
				535DCA532A873CA0001D8299 /* EndPoint.swift */,
				535DCA4D2A87398C001D8299 /* MovieAPIManager.swift */,
				5397B3EE2A8E5F7700EBAA6E /* TVAPIManager.swift */,
			);
			path = Network;
			sourceTree = "<group>";
		};
		5397B3E12A8E5AA800EBAA6E /* TV */ = {
			isa = PBXGroup;
			children = (
				5397B3F82A8F461500EBAA6E /* SimilarViewController.swift */,
				534D66C22AA3038700281642 /* SimilarView.swift */,
				5397B3E22A8E5B2A00EBAA6E /* TVSeries.storyboard */,
				5397B3E42A8E5BA200EBAA6E /* TVSeriesCollectionViewCell.swift */,
				5397B3EC2A8E5ECE00EBAA6E /* TVSeriesViewController.swift */,
				5397B3E82A8E5BD300EBAA6E /* TVSeasonsCollectionReusableView.swift */,
				5397B3E92A8E5BD300EBAA6E /* TVSeasonsCollectionReusableView.xib */,
			);
			path = TV;
			sourceTree = "<group>";
		};
/* End PBXGroup section */

/* Begin PBXNativeTarget section */
		535DCA242A8724F6001D8299 /* MediaProject */ = {
			isa = PBXNativeTarget;
			buildConfigurationList = 535DCA392A8724F7001D8299 /* Build configuration list for PBXNativeTarget "MediaProject" */;
			buildPhases = (
				535DCA212A8724F6001D8299 /* Sources */,
				535DCA222A8724F6001D8299 /* Frameworks */,
				535DCA232A8724F6001D8299 /* Resources */,
			);
			buildRules = (
			);
			dependencies = (
			);
			name = MediaProject;
			packageProductDependencies = (
				535DCA412A87337F001D8299 /* Alamofire */,
				535DCA442A87338D001D8299 /* SwiftyJSON */,
				535DCA472A873396001D8299 /* Kingfisher */,
				5326A4E82A95E5FF00A8BD4B /* SnapKit */,
			);
			productName = MediaProject;
			productReference = 535DCA252A8724F6001D8299 /* MediaProject.app */;
			productType = "com.apple.product-type.application";
		};
/* End PBXNativeTarget section */

/* Begin PBXProject section */
		535DCA1D2A8724F6001D8299 /* Project object */ = {
			isa = PBXProject;
			attributes = {
				BuildIndependentTargetsInParallel = 1;
				LastSwiftUpdateCheck = 1430;
				LastUpgradeCheck = 1430;
				TargetAttributes = {
					535DCA242A8724F6001D8299 = {
						CreatedOnToolsVersion = 14.3.1;
					};
				};
			};
			buildConfigurationList = 535DCA202A8724F6001D8299 /* Build configuration list for PBXProject "MediaProject" */;
			compatibilityVersion = "Xcode 14.0";
			developmentRegion = en;
			hasScannedForEncodings = 0;
			knownRegions = (
				en,
				Base,
			);
			mainGroup = 535DCA1C2A8724F6001D8299;
			packageReferences = (
				535DCA402A87337F001D8299 /* XCRemoteSwiftPackageReference "Alamofire" */,
				535DCA432A87338D001D8299 /* XCRemoteSwiftPackageReference "SwiftyJSON" */,
				535DCA462A873396001D8299 /* XCRemoteSwiftPackageReference "Kingfisher" */,
				5326A4E72A95E5FF00A8BD4B /* XCRemoteSwiftPackageReference "SnapKit" */,
			);
			productRefGroup = 535DCA262A8724F6001D8299 /* Products */;
			projectDirPath = "";
			projectRoot = "";
			targets = (
				535DCA242A8724F6001D8299 /* MediaProject */,
			);
		};
/* End PBXProject section */

/* Begin PBXResourcesBuildPhase section */
		535DCA232A8724F6001D8299 /* Resources */ = {
			isa = PBXResourcesBuildPhase;
			buildActionMask = 2147483647;
			files = (
				535DCA5A2A877E80001D8299 /* MovieDetail.storyboard in Resources */,
				535DCA502A873B1C001D8299 /* .gitignore in Resources */,
				5397B3EB2A8E5BD300EBAA6E /* TVSeasonsCollectionReusableView.xib in Resources */,
				535DCA352A8724F7001D8299 /* LaunchScreen.storyboard in Resources */,
				535DCA322A8724F7001D8299 /* Assets.xcassets in Resources */,
				535DCA622A878122001D8299 /* CastTableViewCell.xib in Resources */,
				5326A4E32A95DF7B00A8BD4B /* Map.storyboard in Resources */,
				5397B3E32A8E5B2A00EBAA6E /* TVSeries.storyboard in Resources */,
			);
			runOnlyForDeploymentPostprocessing = 0;
		};
/* End PBXResourcesBuildPhase section */

/* Begin PBXSourcesBuildPhase section */
		535DCA212A8724F6001D8299 /* Sources */ = {
			isa = PBXSourcesBuildPhase;
			buildActionMask = 2147483647;
			files = (
				5397B3F12A8E602C00EBAA6E /* TVSeriesData.swift in Sources */,
				5397B3EA2A8E5BD300EBAA6E /* TVSeasonsCollectionReusableView.swift in Sources */,
				5326A5722A9C8F3F00A8BD4B /* BaseViewController.swift in Sources */,
				535DCA2D2A8724F6001D8299 /* MovieViewController.swift in Sources */,
				535DCA662A87B6BD001D8299 /* OverViewTableViewCell.swift in Sources */,
				535DCA292A8724F6001D8299 /* AppDelegate.swift in Sources */,
				5397B3FD2A8F632500EBAA6E /* VideoData.swift in Sources */,
				5326A5D52A9EB9C800A8BD4B /* ProfileTableViewCell.swift in Sources */,
				5397B3B62A8A4A5C00EBAA6E /* TrendingData.swift in Sources */,
				5326A5072A98883C00A8BD4B /* OnboardingViewController.swift in Sources */,
				5397B3F92A8F461500EBAA6E /* SimilarViewController.swift in Sources */,
				535DCA522A873B38001D8299 /* APIKey.swift in Sources */,
				5326A56D2A9C8A7D00A8BD4B /* MovieView.swift in Sources */,
				5326A5CF2A9EAE9100A8BD4B /* ProfileView.swift in Sources */,
				5326A5742A9C93B700A8BD4B /* BaseTableViewCell.swift in Sources */,
				535DCA542A873CA0001D8299 /* EndPoint.swift in Sources */,
				535DCA5C2A877EF5001D8299 /* MovieDetailViewController.swift in Sources */,
				535DCA682A87B6F3001D8299 /* CrewTableViewCell.swift in Sources */,
				535DCA3E2A872DCC001D8299 /* MovieTableViewCell.swift in Sources */,
				535DCA562A873CF2001D8299 /* URL + Extension.swift in Sources */,
				535DCA612A878122001D8299 /* CastTableViewCell.swift in Sources */,
				535DCA2B2A8724F6001D8299 /* SceneDelegate.swift in Sources */,
				535DCA4C2A873772001D8299 /* Casting.swift in Sources */,
				5397B3E62A8E5BA200EBAA6E /* TVSeriesCollectionViewCell.swift in Sources */,
				5397B3ED2A8E5ECE00EBAA6E /* TVSeriesViewController.swift in Sources */,
				534D66C52AA43CCC00281642 /* BaseCollectionViewCell.swift in Sources */,
				5397B3EF2A8E5F7700EBAA6E /* TVAPIManager.swift in Sources */,
				5326A4EB2A964EF000A8BD4B /* Theater.swift in Sources */,
				535DCA642A8790B0001D8299 /* Crew.swift in Sources */,
				535DCA4A2A873443001D8299 /* Movie.swift in Sources */,
				5326A5DA2A9EC7D900A8BD4B /* DetailViewController.swift in Sources */,
				535DCA582A8746F5001D8299 /* ViewIdentifierProtocol.swift in Sources */,
				5397B3BB2A8C43B900EBAA6E /* CreditData.swift in Sources */,
				5397B3F32A8E66E900EBAA6E /* TVSeasonsData.swift in Sources */,
				535DCA4E2A87398C001D8299 /* MovieAPIManager.swift in Sources */,
				534D66C32AA3038700281642 /* SimilarView.swift in Sources */,
				5326A4E52A95DFC600A8BD4B /* MapViewController.swift in Sources */,
				5326A5D32A9EB50C00A8BD4B /* ProfileViewController.swift in Sources */,
				5397B3FB2A8F4F0400EBAA6E /* TVSimilarData.swift in Sources */,
				5326A5702A9C8AF000A8BD4B /* BaseView.swift in Sources */,
			);
			runOnlyForDeploymentPostprocessing = 0;
		};
/* End PBXSourcesBuildPhase section */

/* Begin PBXVariantGroup section */
		535DCA332A8724F7001D8299 /* LaunchScreen.storyboard */ = {
			isa = PBXVariantGroup;
			children = (
				535DCA342A8724F7001D8299 /* Base */,
			);
			name = LaunchScreen.storyboard;
			sourceTree = "<group>";
		};
/* End PBXVariantGroup section */

/* Begin XCBuildConfiguration section */
		535DCA372A8724F7001D8299 /* Debug */ = {
			isa = XCBuildConfiguration;
			buildSettings = {
				ALWAYS_SEARCH_USER_PATHS = NO;
				CLANG_ANALYZER_NONNULL = YES;
				CLANG_ANALYZER_NUMBER_OBJECT_CONVERSION = YES_AGGRESSIVE;
				CLANG_CXX_LANGUAGE_STANDARD = "gnu++20";
				CLANG_ENABLE_MODULES = YES;
				CLANG_ENABLE_OBJC_ARC = YES;
				CLANG_ENABLE_OBJC_WEAK = YES;
				CLANG_WARN_BLOCK_CAPTURE_AUTORELEASING = YES;
				CLANG_WARN_BOOL_CONVERSION = YES;
				CLANG_WARN_COMMA = YES;
				CLANG_WARN_CONSTANT_CONVERSION = YES;
				CLANG_WARN_DEPRECATED_OBJC_IMPLEMENTATIONS = YES;
				CLANG_WARN_DIRECT_OBJC_ISA_USAGE = YES_ERROR;
				CLANG_WARN_DOCUMENTATION_COMMENTS = YES;
				CLANG_WARN_EMPTY_BODY = YES;
				CLANG_WARN_ENUM_CONVERSION = YES;
				CLANG_WARN_INFINITE_RECURSION = YES;
				CLANG_WARN_INT_CONVERSION = YES;
				CLANG_WARN_NON_LITERAL_NULL_CONVERSION = YES;
				CLANG_WARN_OBJC_IMPLICIT_RETAIN_SELF = YES;
				CLANG_WARN_OBJC_LITERAL_CONVERSION = YES;
				CLANG_WARN_OBJC_ROOT_CLASS = YES_ERROR;
				CLANG_WARN_QUOTED_INCLUDE_IN_FRAMEWORK_HEADER = YES;
				CLANG_WARN_RANGE_LOOP_ANALYSIS = YES;
				CLANG_WARN_STRICT_PROTOTYPES = YES;
				CLANG_WARN_SUSPICIOUS_MOVE = YES;
				CLANG_WARN_UNGUARDED_AVAILABILITY = YES_AGGRESSIVE;
				CLANG_WARN_UNREACHABLE_CODE = YES;
				CLANG_WARN__DUPLICATE_METHOD_MATCH = YES;
				COPY_PHASE_STRIP = NO;
				DEBUG_INFORMATION_FORMAT = dwarf;
				ENABLE_STRICT_OBJC_MSGSEND = YES;
				ENABLE_TESTABILITY = YES;
				GCC_C_LANGUAGE_STANDARD = gnu11;
				GCC_DYNAMIC_NO_PIC = NO;
				GCC_NO_COMMON_BLOCKS = YES;
				GCC_OPTIMIZATION_LEVEL = 0;
				GCC_PREPROCESSOR_DEFINITIONS = (
					"DEBUG=1",
					"$(inherited)",
				);
				GCC_WARN_64_TO_32_BIT_CONVERSION = YES;
				GCC_WARN_ABOUT_RETURN_TYPE = YES_ERROR;
				GCC_WARN_UNDECLARED_SELECTOR = YES;
				GCC_WARN_UNINITIALIZED_AUTOS = YES_AGGRESSIVE;
				GCC_WARN_UNUSED_FUNCTION = YES;
				GCC_WARN_UNUSED_VARIABLE = YES;
				IPHONEOS_DEPLOYMENT_TARGET = 16.4;
				MTL_ENABLE_DEBUG_INFO = INCLUDE_SOURCE;
				MTL_FAST_MATH = YES;
				ONLY_ACTIVE_ARCH = YES;
				SDKROOT = iphoneos;
				SWIFT_ACTIVE_COMPILATION_CONDITIONS = DEBUG;
				SWIFT_OPTIMIZATION_LEVEL = "-Onone";
			};
			name = Debug;
		};
		535DCA382A8724F7001D8299 /* Release */ = {
			isa = XCBuildConfiguration;
			buildSettings = {
				ALWAYS_SEARCH_USER_PATHS = NO;
				CLANG_ANALYZER_NONNULL = YES;
				CLANG_ANALYZER_NUMBER_OBJECT_CONVERSION = YES_AGGRESSIVE;
				CLANG_CXX_LANGUAGE_STANDARD = "gnu++20";
				CLANG_ENABLE_MODULES = YES;
				CLANG_ENABLE_OBJC_ARC = YES;
				CLANG_ENABLE_OBJC_WEAK = YES;
				CLANG_WARN_BLOCK_CAPTURE_AUTORELEASING = YES;
				CLANG_WARN_BOOL_CONVERSION = YES;
				CLANG_WARN_COMMA = YES;
				CLANG_WARN_CONSTANT_CONVERSION = YES;
				CLANG_WARN_DEPRECATED_OBJC_IMPLEMENTATIONS = YES;
				CLANG_WARN_DIRECT_OBJC_ISA_USAGE = YES_ERROR;
				CLANG_WARN_DOCUMENTATION_COMMENTS = YES;
				CLANG_WARN_EMPTY_BODY = YES;
				CLANG_WARN_ENUM_CONVERSION = YES;
				CLANG_WARN_INFINITE_RECURSION = YES;
				CLANG_WARN_INT_CONVERSION = YES;
				CLANG_WARN_NON_LITERAL_NULL_CONVERSION = YES;
				CLANG_WARN_OBJC_IMPLICIT_RETAIN_SELF = YES;
				CLANG_WARN_OBJC_LITERAL_CONVERSION = YES;
				CLANG_WARN_OBJC_ROOT_CLASS = YES_ERROR;
				CLANG_WARN_QUOTED_INCLUDE_IN_FRAMEWORK_HEADER = YES;
				CLANG_WARN_RANGE_LOOP_ANALYSIS = YES;
				CLANG_WARN_STRICT_PROTOTYPES = YES;
				CLANG_WARN_SUSPICIOUS_MOVE = YES;
				CLANG_WARN_UNGUARDED_AVAILABILITY = YES_AGGRESSIVE;
				CLANG_WARN_UNREACHABLE_CODE = YES;
				CLANG_WARN__DUPLICATE_METHOD_MATCH = YES;
				COPY_PHASE_STRIP = NO;
				DEBUG_INFORMATION_FORMAT = "dwarf-with-dsym";
				ENABLE_NS_ASSERTIONS = NO;
				ENABLE_STRICT_OBJC_MSGSEND = YES;
				GCC_C_LANGUAGE_STANDARD = gnu11;
				GCC_NO_COMMON_BLOCKS = YES;
				GCC_WARN_64_TO_32_BIT_CONVERSION = YES;
				GCC_WARN_ABOUT_RETURN_TYPE = YES_ERROR;
				GCC_WARN_UNDECLARED_SELECTOR = YES;
				GCC_WARN_UNINITIALIZED_AUTOS = YES_AGGRESSIVE;
				GCC_WARN_UNUSED_FUNCTION = YES;
				GCC_WARN_UNUSED_VARIABLE = YES;
				IPHONEOS_DEPLOYMENT_TARGET = 16.4;
				MTL_ENABLE_DEBUG_INFO = NO;
				MTL_FAST_MATH = YES;
				SDKROOT = iphoneos;
				SWIFT_COMPILATION_MODE = wholemodule;
				SWIFT_OPTIMIZATION_LEVEL = "-O";
				VALIDATE_PRODUCT = YES;
			};
			name = Release;
		};
		535DCA3A2A8724F7001D8299 /* Debug */ = {
			isa = XCBuildConfiguration;
			buildSettings = {
				ASSETCATALOG_COMPILER_APPICON_NAME = AppIcon;
				ASSETCATALOG_COMPILER_GLOBAL_ACCENT_COLOR_NAME = AccentColor;
				CODE_SIGN_STYLE = Automatic;
				CURRENT_PROJECT_VERSION = 1;
				DEVELOPMENT_TEAM = KLYH4UN5ZC;
				GENERATE_INFOPLIST_FILE = YES;
				INFOPLIST_FILE = MediaProject/Info.plist;
				INFOPLIST_KEY_UIApplicationSupportsIndirectInputEvents = YES;
				INFOPLIST_KEY_UILaunchStoryboardName = LaunchScreen;
				INFOPLIST_KEY_UISupportedInterfaceOrientations = UIInterfaceOrientationPortrait;
				INFOPLIST_KEY_UISupportedInterfaceOrientations_iPad = "UIInterfaceOrientationLandscapeLeft UIInterfaceOrientationLandscapeRight UIInterfaceOrientationPortrait UIInterfaceOrientationPortraitUpsideDown";
				LD_RUNPATH_SEARCH_PATHS = (
					"$(inherited)",
					"@executable_path/Frameworks",
				);
				MARKETING_VERSION = 1.0;
				PRODUCT_BUNDLE_IDENTIFIER = com.dahye.MediaProject;
				PRODUCT_NAME = "$(TARGET_NAME)";
				SUPPORTED_PLATFORMS = "iphoneos iphonesimulator";
				SUPPORTS_MACCATALYST = NO;
				SUPPORTS_MAC_DESIGNED_FOR_IPHONE_IPAD = NO;
				SWIFT_EMIT_LOC_STRINGS = YES;
				SWIFT_VERSION = 5.0;
				TARGETED_DEVICE_FAMILY = 1;
			};
			name = Debug;
		};
		535DCA3B2A8724F7001D8299 /* Release */ = {
			isa = XCBuildConfiguration;
			buildSettings = {
				ASSETCATALOG_COMPILER_APPICON_NAME = AppIcon;
				ASSETCATALOG_COMPILER_GLOBAL_ACCENT_COLOR_NAME = AccentColor;
				CODE_SIGN_STYLE = Automatic;
				CURRENT_PROJECT_VERSION = 1;
				DEVELOPMENT_TEAM = KLYH4UN5ZC;
				GENERATE_INFOPLIST_FILE = YES;
				INFOPLIST_FILE = MediaProject/Info.plist;
				INFOPLIST_KEY_UIApplicationSupportsIndirectInputEvents = YES;
				INFOPLIST_KEY_UILaunchStoryboardName = LaunchScreen;
				INFOPLIST_KEY_UISupportedInterfaceOrientations = UIInterfaceOrientationPortrait;
				INFOPLIST_KEY_UISupportedInterfaceOrientations_iPad = "UIInterfaceOrientationLandscapeLeft UIInterfaceOrientationLandscapeRight UIInterfaceOrientationPortrait UIInterfaceOrientationPortraitUpsideDown";
				LD_RUNPATH_SEARCH_PATHS = (
					"$(inherited)",
					"@executable_path/Frameworks",
				);
				MARKETING_VERSION = 1.0;
				PRODUCT_BUNDLE_IDENTIFIER = com.dahye.MediaProject;
				PRODUCT_NAME = "$(TARGET_NAME)";
				SUPPORTED_PLATFORMS = "iphoneos iphonesimulator";
				SUPPORTS_MACCATALYST = NO;
				SUPPORTS_MAC_DESIGNED_FOR_IPHONE_IPAD = NO;
				SWIFT_EMIT_LOC_STRINGS = YES;
				SWIFT_VERSION = 5.0;
				TARGETED_DEVICE_FAMILY = 1;
			};
			name = Release;
		};
/* End XCBuildConfiguration section */

/* Begin XCConfigurationList section */
		535DCA202A8724F6001D8299 /* Build configuration list for PBXProject "MediaProject" */ = {
			isa = XCConfigurationList;
			buildConfigurations = (
				535DCA372A8724F7001D8299 /* Debug */,
				535DCA382A8724F7001D8299 /* Release */,
			);
			defaultConfigurationIsVisible = 0;
			defaultConfigurationName = Release;
		};
		535DCA392A8724F7001D8299 /* Build configuration list for PBXNativeTarget "MediaProject" */ = {
			isa = XCConfigurationList;
			buildConfigurations = (
				535DCA3A2A8724F7001D8299 /* Debug */,
				535DCA3B2A8724F7001D8299 /* Release */,
			);
			defaultConfigurationIsVisible = 0;
			defaultConfigurationName = Release;
		};
/* End XCConfigurationList section */

/* Begin XCRemoteSwiftPackageReference section */
		5326A4E72A95E5FF00A8BD4B /* XCRemoteSwiftPackageReference "SnapKit" */ = {
			isa = XCRemoteSwiftPackageReference;
			repositoryURL = "https://github.com/SnapKit/SnapKit.git";
			requirement = {
				kind = upToNextMajorVersion;
				minimumVersion = 5.0.0;
			};
		};
		535DCA402A87337F001D8299 /* XCRemoteSwiftPackageReference "Alamofire" */ = {
			isa = XCRemoteSwiftPackageReference;
			repositoryURL = "https://github.com/Alamofire/Alamofire";
			requirement = {
				kind = upToNextMajorVersion;
				minimumVersion = 5.0.0;
			};
		};
		535DCA432A87338D001D8299 /* XCRemoteSwiftPackageReference "SwiftyJSON" */ = {
			isa = XCRemoteSwiftPackageReference;
			repositoryURL = "https://github.com/SwiftyJSON/SwiftyJSON";
			requirement = {
				kind = upToNextMajorVersion;
				minimumVersion = 5.0.0;
			};
		};
		535DCA462A873396001D8299 /* XCRemoteSwiftPackageReference "Kingfisher" */ = {
			isa = XCRemoteSwiftPackageReference;
			repositoryURL = "https://github.com/onevcat/Kingfisher.git";
			requirement = {
				kind = upToNextMajorVersion;
				minimumVersion = 7.0.0;
			};
		};
/* End XCRemoteSwiftPackageReference section */

/* Begin XCSwiftPackageProductDependency section */
		5326A4E82A95E5FF00A8BD4B /* SnapKit */ = {
			isa = XCSwiftPackageProductDependency;
			package = 5326A4E72A95E5FF00A8BD4B /* XCRemoteSwiftPackageReference "SnapKit" */;
			productName = SnapKit;
		};
		535DCA412A87337F001D8299 /* Alamofire */ = {
			isa = XCSwiftPackageProductDependency;
			package = 535DCA402A87337F001D8299 /* XCRemoteSwiftPackageReference "Alamofire" */;
			productName = Alamofire;
		};
		535DCA442A87338D001D8299 /* SwiftyJSON */ = {
			isa = XCSwiftPackageProductDependency;
			package = 535DCA432A87338D001D8299 /* XCRemoteSwiftPackageReference "SwiftyJSON" */;
			productName = SwiftyJSON;
		};
		535DCA472A873396001D8299 /* Kingfisher */ = {
			isa = XCSwiftPackageProductDependency;
			package = 535DCA462A873396001D8299 /* XCRemoteSwiftPackageReference "Kingfisher" */;
			productName = Kingfisher;
		};
/* End XCSwiftPackageProductDependency section */
	};
	rootObject = 535DCA1D2A8724F6001D8299 /* Project object */;
}
